
Microsoft Visual Studio Solution File, Format Version 12.00
# Visual Studio Version 17
VisualStudioVersion = 17.11.35219.272
MinimumVisualStudioVersion = 10.0.40219.1
Project("{FAE04EC0-301F-11D3-BF4B-00C04F79EFBC}") = "Week6Exercise1", "Week6Exercise1\Week6Exercise1.csproj", "{618F3192-F9B6-4495-903A-BB14AE50D10C}"
EndProject
Global
	GlobalSection(SolutionConfigurationPlatforms) = preSolution
		Debug|Any CPU = Debug|Any CPU
		Release|Any CPU = Release|Any CPU
	EndGlobalSection
	GlobalSection(ProjectConfigurationPlatforms) = postSolution
		{618F3192-F9B6-4495-903A-BB14AE50D10C}.Debug|Any CPU.ActiveCfg = Debug|Any CPU
		{618F3192-F9B6-4495-903A-BB14AE50D10C}.Debug|Any CPU.Build.0 = Debug|Any CPU
		{618F3192-F9B6-4495-903A-BB14AE50D10C}.Release|Any CPU.ActiveCfg = Release|Any CPU
		{618F3192-F9B6-4495-903A-BB14AE50D10C}.Release|Any CPU.Build.0 = Release|Any CPU
	EndGlobalSection
	GlobalSection(SolutionProperties) = preSolution
		HideSolutionNode = FALSE
	EndGlobalSection
	GlobalSection(ExtensibilityGlobals) = postSolution
		SolutionGuid = {E6815E2F-DF93-43A5-B7E6-68EECAD15AF3}
	EndGlobalSection
EndGlobal
